
Microsoft Visual Studio Solution File, Format Version 12.00
# Visual Studio Version 17
VisualStudioVersion = 17.12.35527.113 d17.12
MinimumVisualStudioVersion = 10.0.40219.1
Project("{FAE04EC0-301F-11D3-BF4B-00C04F79EFBC}") = "TaskMamager", "TaskMamager.csproj", "{18325BC3-D0E9-454F-AA7B-7E94F60889A5}"
EndProject
Project("{FAE04EC0-301F-11D3-BF4B-00C04F79EFBC}") = "BussinessLogic", "..\BussinessLogic\BussinessLogic.csproj", "{CF6B6CCD-66DE-494F-905D-E94265C42010}"
EndProject
Project("{FAE04EC0-301F-11D3-BF4B-00C04F79EFBC}") = "DataAccess", "..\DataAccess\DataAccess.csproj", "{CF065CEE-430C-497F-8B55-6888EE51F3BA}"
EndProject
Project("{FAE04EC0-301F-11D3-BF4B-00C04F79EFBC}") = "Data", "..\Data\Data.csproj", "{EC4A9138-F1AE-4F5B-B0DA-F49471C3D804}"
EndProject
Project("{2150E333-8FDC-42A3-9474-1A3956D46DE8}") = "Solution Items", "Solution Items", "{40B85C3E-FF82-4377-AA42-AF06AD84BE81}"
	ProjectSection(SolutionItems) = preProject
		.env = .env
	EndProjectSection
EndProject
Global
	GlobalSection(SolutionConfigurationPlatforms) = preSolution
		Debug|Any CPU = Debug|Any CPU
		Release|Any CPU = Release|Any CPU
	EndGlobalSection
	GlobalSection(ProjectConfigurationPlatforms) = postSolution
		{18325BC3-D0E9-454F-AA7B-7E94F60889A5}.Debug|Any CPU.ActiveCfg = Debug|Any CPU
		{18325BC3-D0E9-454F-AA7B-7E94F60889A5}.Debug|Any CPU.Build.0 = Debug|Any CPU
		{18325BC3-D0E9-454F-AA7B-7E94F60889A5}.Release|Any CPU.ActiveCfg = Release|Any CPU
		{18325BC3-D0E9-454F-AA7B-7E94F60889A5}.Release|Any CPU.Build.0 = Release|Any CPU
		{CF6B6CCD-66DE-494F-905D-E94265C42010}.Debug|Any CPU.ActiveCfg = Debug|Any CPU
		{CF6B6CCD-66DE-494F-905D-E94265C42010}.Debug|Any CPU.Build.0 = Debug|Any CPU
		{CF6B6CCD-66DE-494F-905D-E94265C42010}.Release|Any CPU.ActiveCfg = Release|Any CPU
		{CF6B6CCD-66DE-494F-905D-E94265C42010}.Release|Any CPU.Build.0 = Release|Any CPU
		{CF065CEE-430C-497F-8B55-6888EE51F3BA}.Debug|Any CPU.ActiveCfg = Debug|Any CPU
		{CF065CEE-430C-497F-8B55-6888EE51F3BA}.Debug|Any CPU.Build.0 = Debug|Any CPU
		{CF065CEE-430C-497F-8B55-6888EE51F3BA}.Release|Any CPU.ActiveCfg = Release|Any CPU
		{CF065CEE-430C-497F-8B55-6888EE51F3BA}.Release|Any CPU.Build.0 = Release|Any CPU
		{EC4A9138-F1AE-4F5B-B0DA-F49471C3D804}.Debug|Any CPU.ActiveCfg = Debug|Any CPU
		{EC4A9138-F1AE-4F5B-B0DA-F49471C3D804}.Debug|Any CPU.Build.0 = Debug|Any CPU
		{EC4A9138-F1AE-4F5B-B0DA-F49471C3D804}.Release|Any CPU.ActiveCfg = Release|Any CPU
		{EC4A9138-F1AE-4F5B-B0DA-F49471C3D804}.Release|Any CPU.Build.0 = Release|Any CPU
	EndGlobalSection
	GlobalSection(SolutionProperties) = preSolution
		HideSolutionNode = FALSE
	EndGlobalSection
EndGlobal
